// !$*UTF8*$!
{
	archiveVersion = 1;
	classes = {
	};
	objectVersion = 55;
	objects = {

/* Begin PBXBuildFile section */
		4E4426BA2944FA1100234BD4 /* SwiftUIThinkingBootcampApp.swift in Sources */ = {isa = PBXBuildFile; fileRef = 4E4426B92944FA1100234BD4 /* SwiftUIThinkingBootcampApp.swift */; };
		4E4426BC2944FA1100234BD4 /* ContentView.swift in Sources */ = {isa = PBXBuildFile; fileRef = 4E4426BB2944FA1100234BD4 /* ContentView.swift */; };
		4E4426BE2944FA1200234BD4 /* Assets.xcassets in Resources */ = {isa = PBXBuildFile; fileRef = 4E4426BD2944FA1200234BD4 /* Assets.xcassets */; };
		4E4426C12944FA1200234BD4 /* Preview Assets.xcassets in Resources */ = {isa = PBXBuildFile; fileRef = 4E4426C02944FA1200234BD4 /* Preview Assets.xcassets */; };
		4E8DA5D72945323500F0DD1B /* GradientBootcamp.swift in Sources */ = {isa = PBXBuildFile; fileRef = 4E8DA5D62945323500F0DD1B /* GradientBootcamp.swift */; };
		4E8DA5D9294536F700F0DD1B /* IconsBootcamp.swift in Sources */ = {isa = PBXBuildFile; fileRef = 4E8DA5D8294536F700F0DD1B /* IconsBootcamp.swift */; };
		4EB64A62294520E000618ADB /* TextBootcamp.swift in Sources */ = {isa = PBXBuildFile; fileRef = 4EB64A61294520E000618ADB /* TextBootcamp.swift */; };
		4EB64A642945296700618ADB /* ShapesBootcamp.swift in Sources */ = {isa = PBXBuildFile; fileRef = 4EB64A632945296700618ADB /* ShapesBootcamp.swift */; };
		4EB64A6629452C5100618ADB /* ColorsBootcamp.swift in Sources */ = {isa = PBXBuildFile; fileRef = 4EB64A6529452C5100618ADB /* ColorsBootcamp.swift */; };
/* End PBXBuildFile section */

/* Begin PBXFileReference section */
		4E4426B62944FA1100234BD4 /* Bootcamp.app */ = {isa = PBXFileReference; explicitFileType = wrapper.application; includeInIndex = 0; path = Bootcamp.app; sourceTree = BUILT_PRODUCTS_DIR; };
		4E4426B92944FA1100234BD4 /* SwiftUIThinkingBootcampApp.swift */ = {isa = PBXFileReference; lastKnownFileType = sourcecode.swift; path = SwiftUIThinkingBootcampApp.swift; sourceTree = "<group>"; };
		4E4426BB2944FA1100234BD4 /* ContentView.swift */ = {isa = PBXFileReference; lastKnownFileType = sourcecode.swift; path = ContentView.swift; sourceTree = "<group>"; };
		4E4426BD2944FA1200234BD4 /* Assets.xcassets */ = {isa = PBXFileReference; lastKnownFileType = folder.assetcatalog; path = Assets.xcassets; sourceTree = "<group>"; };
		4E4426C02944FA1200234BD4 /* Preview Assets.xcassets */ = {isa = PBXFileReference; lastKnownFileType = folder.assetcatalog; path = "Preview Assets.xcassets"; sourceTree = "<group>"; };
		4E8DA5D62945323500F0DD1B /* GradientBootcamp.swift */ = {isa = PBXFileReference; lastKnownFileType = sourcecode.swift; path = GradientBootcamp.swift; sourceTree = "<group>"; };
		4E8DA5D8294536F700F0DD1B /* IconsBootcamp.swift */ = {isa = PBXFileReference; lastKnownFileType = sourcecode.swift; path = IconsBootcamp.swift; sourceTree = "<group>"; };
		4EB64A61294520E000618ADB /* TextBootcamp.swift */ = {isa = PBXFileReference; lastKnownFileType = sourcecode.swift; path = TextBootcamp.swift; sourceTree = "<group>"; };
		4EB64A632945296700618ADB /* ShapesBootcamp.swift */ = {isa = PBXFileReference; lastKnownFileType = sourcecode.swift; path = ShapesBootcamp.swift; sourceTree = "<group>"; };
		4EB64A6529452C5100618ADB /* ColorsBootcamp.swift */ = {isa = PBXFileReference; lastKnownFileType = sourcecode.swift; path = ColorsBootcamp.swift; sourceTree = "<group>"; };
/* End PBXFileReference section */

/* Begin PBXFrameworksBuildPhase section */
		4E4426B32944FA1100234BD4 /* Frameworks */ = {
			isa = PBXFrameworksBuildPhase;
			buildActionMask = 2147483647;
			files = (
			);
			runOnlyForDeploymentPostprocessing = 0;
		};
/* End PBXFrameworksBuildPhase section */

/* Begin PBXGroup section */
		4E4426AD2944FA1100234BD4 = {
			isa = PBXGroup;
			children = (
				4E4426B82944FA1100234BD4 /* SwiftUIThinkingBootcamp */,
				4E4426B72944FA1100234BD4 /* Products */,
			);
			sourceTree = "<group>";
		};
		4E4426B72944FA1100234BD4 /* Products */ = {
			isa = PBXGroup;
			children = (
				4E4426B62944FA1100234BD4 /* Bootcamp.app */,
			);
			name = Products;
			sourceTree = "<group>";
		};
		4E4426B82944FA1100234BD4 /* SwiftUIThinkingBootcamp */ = {
			isa = PBXGroup;
			children = (
				4E4426B92944FA1100234BD4 /* SwiftUIThinkingBootcampApp.swift */,
				4E4426BB2944FA1100234BD4 /* ContentView.swift */,
				4E4426BD2944FA1200234BD4 /* Assets.xcassets */,
				4E4426BF2944FA1200234BD4 /* Preview Content */,
				4EB64A61294520E000618ADB /* TextBootcamp.swift */,
				4EB64A632945296700618ADB /* ShapesBootcamp.swift */,
				4EB64A6529452C5100618ADB /* ColorsBootcamp.swift */,
				4E8DA5D62945323500F0DD1B /* GradientBootcamp.swift */,
				4E8DA5D8294536F700F0DD1B /* IconsBootcamp.swift */,
			);
			path = SwiftUIThinkingBootcamp;
			sourceTree = "<group>";
		};
		4E4426BF2944FA1200234BD4 /* Preview Content */ = {
			isa = PBXGroup;
			children = (
				4E4426C02944FA1200234BD4 /* Preview Assets.xcassets */,
			);
			path = "Preview Content";
			sourceTree = "<group>";
		};
/* End PBXGroup section */

/* Begin PBXNativeTarget section */
		4E4426B52944FA1100234BD4 /* SwiftUIThinkingBootcamp */ = {
			isa = PBXNativeTarget;
			buildConfigurationList = 4E4426C42944FA1200234BD4 /* Build configuration list for PBXNativeTarget "SwiftUIThinkingBootcamp" */;
			buildPhases = (
				4E4426B22944FA1100234BD4 /* Sources */,
				4E4426B32944FA1100234BD4 /* Frameworks */,
				4E4426B42944FA1100234BD4 /* Resources */,
			);
			buildRules = (
			);
			dependencies = (
			);
			name = SwiftUIThinkingBootcamp;
			productName = SwiftUIThinkingBootcamp;
			productReference = 4E4426B62944FA1100234BD4 /* Bootcamp.app */;
			productType = "com.apple.product-type.application";
		};
/* End PBXNativeTarget section */

/* Begin PBXProject section */
		4E4426AE2944FA1100234BD4 /* Project object */ = {
			isa = PBXProject;
			attributes = {
				BuildIndependentTargetsInParallel = 1;
				LastSwiftUpdateCheck = 1330;
				LastUpgradeCheck = 1330;
				TargetAttributes = {
					4E4426B52944FA1100234BD4 = {
						CreatedOnToolsVersion = 13.3;
					};
				};
			};
			buildConfigurationList = 4E4426B12944FA1100234BD4 /* Build configuration list for PBXProject "SwiftUIThinkingBootcamp" */;
			compatibilityVersion = "Xcode 13.0";
			developmentRegion = en;
			hasScannedForEncodings = 0;
			knownRegions = (
				en,
				Base,
			);
			mainGroup = 4E4426AD2944FA1100234BD4;
			productRefGroup = 4E4426B72944FA1100234BD4 /* Products */;
			projectDirPath = "";
			projectRoot = "";
			targets = (
				4E4426B52944FA1100234BD4 /* SwiftUIThinkingBootcamp */,
			);
		};
/* End PBXProject section */

/* Begin PBXResourcesBuildPhase section */
		4E4426B42944FA1100234BD4 /* Resources */ = {
			isa = PBXResourcesBuildPhase;
			buildActionMask = 2147483647;
			files = (
				4E4426C12944FA1200234BD4 /* Preview Assets.xcassets in Resources */,
				4E4426BE2944FA1200234BD4 /* Assets.xcassets in Resources */,
			);
			runOnlyForDeploymentPostprocessing = 0;
		};
/* End PBXResourcesBuildPhase section */

/* Begin PBXSourcesBuildPhase section */
		4E4426B22944FA1100234BD4 /* Sources */ = {
			isa = PBXSourcesBuildPhase;
			buildActionMask = 2147483647;
			files = (
				4EB64A6629452C5100618ADB /* ColorsBootcamp.swift in Sources */,
				4EB64A642945296700618ADB /* ShapesBootcamp.swift in Sources */,
				4E4426BC2944FA1100234BD4 /* ContentView.swift in Sources */,
				4EB64A62294520E000618ADB /* TextBootcamp.swift in Sources */,
				4E8DA5D72945323500F0DD1B /* GradientBootcamp.swift in Sources */,
				4E4426BA2944FA1100234BD4 /* SwiftUIThinkingBootcampApp.swift in Sources */,
				4E8DA5D9294536F700F0DD1B /* IconsBootcamp.swift in Sources */,
			);
			runOnlyForDeploymentPostprocessing = 0;
		};
/* End PBXSourcesBuildPhase section */

/* Begin XCBuildConfiguration section */
		4E4426C22944FA1200234BD4 /* Debug */ = {
			isa = XCBuildConfiguration;
			buildSettings = {
				ALWAYS_SEARCH_USER_PATHS = NO;
				CLANG_ANALYZER_NONNULL = YES;
				CLANG_ANALYZER_NUMBER_OBJECT_CONVERSION = YES_AGGRESSIVE;
				CLANG_CXX_LANGUAGE_STANDARD = "gnu++17";
				CLANG_ENABLE_MODULES = YES;
				CLANG_ENABLE_OBJC_ARC = YES;
				CLANG_ENABLE_OBJC_WEAK = YES;
				CLANG_WARN_BLOCK_CAPTURE_AUTORELEASING = YES;
				CLANG_WARN_BOOL_CONVERSION = YES;
				CLANG_WARN_COMMA = YES;
				CLANG_WARN_CONSTANT_CONVERSION = YES;
				CLANG_WARN_DEPRECATED_OBJC_IMPLEMENTATIONS = YES;
				CLANG_WARN_DIRECT_OBJC_ISA_USAGE = YES_ERROR;
				CLANG_WARN_DOCUMENTATION_COMMENTS = YES;
				CLANG_WARN_EMPTY_BODY = YES;
				CLANG_WARN_ENUM_CONVERSION = YES;
				CLANG_WARN_INFINITE_RECURSION = YES;
				CLANG_WARN_INT_CONVERSION = YES;
				CLANG_WARN_NON_LITERAL_NULL_CONVERSION = YES;
				CLANG_WARN_OBJC_IMPLICIT_RETAIN_SELF = YES;
				CLANG_WARN_OBJC_LITERAL_CONVERSION = YES;
				CLANG_WARN_OBJC_ROOT_CLASS = YES_ERROR;
				CLANG_WARN_QUOTED_INCLUDE_IN_FRAMEWORK_HEADER = YES;
				CLANG_WARN_RANGE_LOOP_ANALYSIS = YES;
				CLANG_WARN_STRICT_PROTOTYPES = YES;
				CLANG_WARN_SUSPICIOUS_MOVE = YES;
				CLANG_WARN_UNGUARDED_AVAILABILITY = YES_AGGRESSIVE;
				CLANG_WARN_UNREACHABLE_CODE = YES;
				CLANG_WARN__DUPLICATE_METHOD_MATCH = YES;
				COPY_PHASE_STRIP = NO;
				DEBUG_INFORMATION_FORMAT = dwarf;
				ENABLE_STRICT_OBJC_MSGSEND = YES;
				ENABLE_TESTABILITY = YES;
				GCC_C_LANGUAGE_STANDARD = gnu11;
				GCC_DYNAMIC_NO_PIC = NO;
				GCC_NO_COMMON_BLOCKS = YES;
				GCC_OPTIMIZATION_LEVEL = 0;
				GCC_PREPROCESSOR_DEFINITIONS = (
					"DEBUG=1",
					"$(inherited)",
				);
				GCC_WARN_64_TO_32_BIT_CONVERSION = YES;
				GCC_WARN_ABOUT_RETURN_TYPE = YES_ERROR;
				GCC_WARN_UNDECLARED_SELECTOR = YES;
				GCC_WARN_UNINITIALIZED_AUTOS = YES_AGGRESSIVE;
				GCC_WARN_UNUSED_FUNCTION = YES;
				GCC_WARN_UNUSED_VARIABLE = YES;
				IPHONEOS_DEPLOYMENT_TARGET = 15.4;
				MTL_ENABLE_DEBUG_INFO = INCLUDE_SOURCE;
				MTL_FAST_MATH = YES;
				ONLY_ACTIVE_ARCH = YES;
				SDKROOT = iphoneos;
				SWIFT_ACTIVE_COMPILATION_CONDITIONS = DEBUG;
				SWIFT_OPTIMIZATION_LEVEL = "-Onone";
			};
			name = Debug;
		};
		4E4426C32944FA1200234BD4 /* Release */ = {
			isa = XCBuildConfiguration;
			buildSettings = {
				ALWAYS_SEARCH_USER_PATHS = NO;
				CLANG_ANALYZER_NONNULL = YES;
				CLANG_ANALYZER_NUMBER_OBJECT_CONVERSION = YES_AGGRESSIVE;
				CLANG_CXX_LANGUAGE_STANDARD = "gnu++17";
				CLANG_ENABLE_MODULES = YES;
				CLANG_ENABLE_OBJC_ARC = YES;
				CLANG_ENABLE_OBJC_WEAK = YES;
				CLANG_WARN_BLOCK_CAPTURE_AUTORELEASING = YES;
				CLANG_WARN_BOOL_CONVERSION = YES;
				CLANG_WARN_COMMA = YES;
				CLANG_WARN_CONSTANT_CONVERSION = YES;
				CLANG_WARN_DEPRECATED_OBJC_IMPLEMENTATIONS = YES;
				CLANG_WARN_DIRECT_OBJC_ISA_USAGE = YES_ERROR;
				CLANG_WARN_DOCUMENTATION_COMMENTS = YES;
				CLANG_WARN_EMPTY_BODY = YES;
				CLANG_WARN_ENUM_CONVERSION = YES;
				CLANG_WARN_INFINITE_RECURSION = YES;
				CLANG_WARN_INT_CONVERSION = YES;
				CLANG_WARN_NON_LITERAL_NULL_CONVERSION = YES;
				CLANG_WARN_OBJC_IMPLICIT_RETAIN_SELF = YES;
				CLANG_WARN_OBJC_LITERAL_CONVERSION = YES;
				CLANG_WARN_OBJC_ROOT_CLASS = YES_ERROR;
				CLANG_WARN_QUOTED_INCLUDE_IN_FRAMEWORK_HEADER = YES;
				CLANG_WARN_RANGE_LOOP_ANALYSIS = YES;
				CLANG_WARN_STRICT_PROTOTYPES = YES;
				CLANG_WARN_SUSPICIOUS_MOVE = YES;
				CLANG_WARN_UNGUARDED_AVAILABILITY = YES_AGGRESSIVE;
				CLANG_WARN_UNREACHABLE_CODE = YES;
				CLANG_WARN__DUPLICATE_METHOD_MATCH = YES;
				COPY_PHASE_STRIP = NO;
				DEBUG_INFORMATION_FORMAT = "dwarf-with-dsym";
				ENABLE_NS_ASSERTIONS = NO;
				ENABLE_STRICT_OBJC_MSGSEND = YES;
				GCC_C_LANGUAGE_STANDARD = gnu11;
				GCC_NO_COMMON_BLOCKS = YES;
				GCC_WARN_64_TO_32_BIT_CONVERSION = YES;
				GCC_WARN_ABOUT_RETURN_TYPE = YES_ERROR;
				GCC_WARN_UNDECLARED_SELECTOR = YES;
				GCC_WARN_UNINITIALIZED_AUTOS = YES_AGGRESSIVE;
				GCC_WARN_UNUSED_FUNCTION = YES;
				GCC_WARN_UNUSED_VARIABLE = YES;
				IPHONEOS_DEPLOYMENT_TARGET = 15.4;
				MTL_ENABLE_DEBUG_INFO = NO;
				MTL_FAST_MATH = YES;
				SDKROOT = iphoneos;
				SWIFT_COMPILATION_MODE = wholemodule;
				SWIFT_OPTIMIZATION_LEVEL = "-O";
				VALIDATE_PRODUCT = YES;
			};
			name = Release;
		};
		4E4426C52944FA1200234BD4 /* Debug */ = {
			isa = XCBuildConfiguration;
			buildSettings = {
				ASSETCATALOG_COMPILER_APPICON_NAME = AppIcon;
				ASSETCATALOG_COMPILER_GLOBAL_ACCENT_COLOR_NAME = AccentColor;
				CODE_SIGN_STYLE = Automatic;
				CURRENT_PROJECT_VERSION = 1;
				DEVELOPMENT_ASSET_PATHS = "\"SwiftUIThinkingBootcamp/Preview Content\"";
				ENABLE_PREVIEWS = YES;
				GENERATE_INFOPLIST_FILE = YES;
				INFOPLIST_KEY_UIApplicationSceneManifest_Generation = YES;
				INFOPLIST_KEY_UIApplicationSupportsIndirectInputEvents = YES;
				INFOPLIST_KEY_UILaunchScreen_Generation = YES;
				INFOPLIST_KEY_UISupportedInterfaceOrientations = "UIInterfaceOrientationPortrait UIInterfaceOrientationLandscapeLeft UIInterfaceOrientationLandscapeRight";
				INFOPLIST_KEY_UISupportedInterfaceOrientations_iPad = "UIInterfaceOrientationPortrait UIInterfaceOrientationPortraitUpsideDown UIInterfaceOrientationLandscapeLeft UIInterfaceOrientationLandscapeRight";
				INFOPLIST_KEY_UISupportedInterfaceOrientations_iPhone = "UIInterfaceOrientationPortrait UIInterfaceOrientationLandscapeLeft UIInterfaceOrientationLandscapeRight";
				IPHONEOS_DEPLOYMENT_TARGET = 15.0;
				LD_RUNPATH_SEARCH_PATHS = (
					"$(inherited)",
					"@executable_path/Frameworks",
				);
				MARKETING_VERSION = 1.0;
				PRODUCT_BUNDLE_IDENTIFIER = dev.cleyxds.SwiftUIThinkingBootcamp;
				PRODUCT_NAME = Bootcamp;
				SWIFT_EMIT_LOC_STRINGS = YES;
				SWIFT_VERSION = 5.0;
				TARGETED_DEVICE_FAMILY = "1,2";
			};
			name = Debug;
		};
		4E4426C62944FA1200234BD4 /* Release */ = {
			isa = XCBuildConfiguration;
			buildSettings = {
				ASSETCATALOG_COMPILER_APPICON_NAME = AppIcon;
				ASSETCATALOG_COMPILER_GLOBAL_ACCENT_COLOR_NAME = AccentColor;
				CODE_SIGN_STYLE = Automatic;
				CURRENT_PROJECT_VERSION = 1;
				DEVELOPMENT_ASSET_PATHS = "\"SwiftUIThinkingBootcamp/Preview Content\"";
				ENABLE_PREVIEWS = YES;
				GENERATE_INFOPLIST_FILE = YES;
				INFOPLIST_KEY_UIApplicationSceneManifest_Generation = YES;
				INFOPLIST_KEY_UIApplicationSupportsIndirectInputEvents = YES;
				INFOPLIST_KEY_UILaunchScreen_Generation = YES;
				INFOPLIST_KEY_UISupportedInterfaceOrientations = "UIInterfaceOrientationPortrait UIInterfaceOrientationLandscapeLeft UIInterfaceOrientationLandscapeRight";
				INFOPLIST_KEY_UISupportedInterfaceOrientations_iPad = "UIInterfaceOrientationPortrait UIInterfaceOrientationPortraitUpsideDown UIInterfaceOrientationLandscapeLeft UIInterfaceOrientationLandscapeRight";
				INFOPLIST_KEY_UISupportedInterfaceOrientations_iPhone = "UIInterfaceOrientationPortrait UIInterfaceOrientationLandscapeLeft UIInterfaceOrientationLandscapeRight";
				IPHONEOS_DEPLOYMENT_TARGET = 15.0;
				LD_RUNPATH_SEARCH_PATHS = (
					"$(inherited)",
					"@executable_path/Frameworks",
				);
				MARKETING_VERSION = 1.0;
				PRODUCT_BUNDLE_IDENTIFIER = dev.cleyxds.SwiftUIThinkingBootcamp;
				PRODUCT_NAME = Bootcamp;
				SWIFT_EMIT_LOC_STRINGS = YES;
				SWIFT_VERSION = 5.0;
				TARGETED_DEVICE_FAMILY = "1,2";
			};
			name = Release;
		};
/* End XCBuildConfiguration section */

/* Begin XCConfigurationList section */
		4E4426B12944FA1100234BD4 /* Build configuration list for PBXProject "SwiftUIThinkingBootcamp" */ = {
			isa = XCConfigurationList;
			buildConfigurations = (
				4E4426C22944FA1200234BD4 /* Debug */,
				4E4426C32944FA1200234BD4 /* Release */,
			);
			defaultConfigurationIsVisible = 0;
			defaultConfigurationName = Release;
		};
		4E4426C42944FA1200234BD4 /* Build configuration list for PBXNativeTarget "SwiftUIThinkingBootcamp" */ = {
			isa = XCConfigurationList;
			buildConfigurations = (
				4E4426C52944FA1200234BD4 /* Debug */,
				4E4426C62944FA1200234BD4 /* Release */,
			);
			defaultConfigurationIsVisible = 0;
			defaultConfigurationName = Release;
		};
/* End XCConfigurationList section */
	};
	rootObject = 4E4426AE2944FA1100234BD4 /* Project object */;
}
